// !$*UTF8*$!
{
	archiveVersion = 1;
	classes = {
	};
	objectVersion = 56;
	objects = {

/* Begin PBXBuildFile section */
		548257FA2B8C2A6A006BDC12 /* SearchVC.swift in Sources */ = {isa = PBXBuildFile; fileRef = 548257F92B8C2A69006BDC12 /* SearchVC.swift */; };
		548257FC2B8C2AC3006BDC12 /* FavoritesListVC.swift in Sources */ = {isa = PBXBuildFile; fileRef = 548257FB2B8C2AC3006BDC12 /* FavoritesListVC.swift */; };
		548257FE2B8C3C03006BDC12 /* GFButton.swift in Sources */ = {isa = PBXBuildFile; fileRef = 548257FD2B8C3C03006BDC12 /* GFButton.swift */; };
		548258002B8C41B4006BDC12 /* GFTextField.swift in Sources */ = {isa = PBXBuildFile; fileRef = 548257FF2B8C41B4006BDC12 /* GFTextField.swift */; };
		548258022B8C732A006BDC12 /* FollowerListVC.swift in Sources */ = {isa = PBXBuildFile; fileRef = 548258012B8C732A006BDC12 /* FollowerListVC.swift */; };
		548258042B8C7E94006BDC12 /* GFTitleLabel.swift in Sources */ = {isa = PBXBuildFile; fileRef = 548258032B8C7E94006BDC12 /* GFTitleLabel.swift */; };
		548258062B8C84EB006BDC12 /* GFBodyLabel.swift in Sources */ = {isa = PBXBuildFile; fileRef = 548258052B8C84EB006BDC12 /* GFBodyLabel.swift */; };
		548258082B8C85CE006BDC12 /* GFAlertVC.swift in Sources */ = {isa = PBXBuildFile; fileRef = 548258072B8C85CE006BDC12 /* GFAlertVC.swift */; };
		5482580A2B8C8DFC006BDC12 /* UIViewController+Ext.swift in Sources */ = {isa = PBXBuildFile; fileRef = 548258092B8C8DFC006BDC12 /* UIViewController+Ext.swift */; };
		548258112B8D9833006BDC12 /* Follower.swift in Sources */ = {isa = PBXBuildFile; fileRef = 548258102B8D9833006BDC12 /* Follower.swift */; };
		548258132B8D98F4006BDC12 /* User.swift in Sources */ = {isa = PBXBuildFile; fileRef = 548258122B8D98F4006BDC12 /* User.swift */; };
		548258162B8DB384006BDC12 /* NetworkManager.swift in Sources */ = {isa = PBXBuildFile; fileRef = 548258152B8DB384006BDC12 /* NetworkManager.swift */; };
		5482581C2B8DD38E006BDC12 /* FollowerCell.swift in Sources */ = {isa = PBXBuildFile; fileRef = 5482581B2B8DD38E006BDC12 /* FollowerCell.swift */; };
		5482581F2B8DD429006BDC12 /* GFAvatarImageView.swift in Sources */ = {isa = PBXBuildFile; fileRef = 5482581E2B8DD429006BDC12 /* GFAvatarImageView.swift */; };
		548258212B9088F7006BDC12 /* UIHelper.swift in Sources */ = {isa = PBXBuildFile; fileRef = 548258202B9088F7006BDC12 /* UIHelper.swift */; };
		548258292B91A34A006BDC12 /* GFEmptyStateView.swift in Sources */ = {isa = PBXBuildFile; fileRef = 548258282B91A34A006BDC12 /* GFEmptyStateView.swift */; };
		5482582B2B91BECB006BDC12 /* UserInfoVC.swift in Sources */ = {isa = PBXBuildFile; fileRef = 5482582A2B91BECB006BDC12 /* UserInfoVC.swift */; };
		5482582D2B91D24A006BDC12 /* GFError.swift in Sources */ = {isa = PBXBuildFile; fileRef = 5482582C2B91D24A006BDC12 /* GFError.swift */; };
		5482582F2B91D569006BDC12 /* GFUserInfoHeaderVC.swift in Sources */ = {isa = PBXBuildFile; fileRef = 5482582E2B91D569006BDC12 /* GFUserInfoHeaderVC.swift */; };
		548258312B91D5BB006BDC12 /* GFSecondaryTitleLabel.swift in Sources */ = {isa = PBXBuildFile; fileRef = 548258302B91D5BB006BDC12 /* GFSecondaryTitleLabel.swift */; };
		548258332B957F78006BDC12 /* Constants.swift in Sources */ = {isa = PBXBuildFile; fileRef = 548258322B957F78006BDC12 /* Constants.swift */; };
		548258352B95A2EB006BDC12 /* GFItemInfoView.swift in Sources */ = {isa = PBXBuildFile; fileRef = 548258342B95A2EB006BDC12 /* GFItemInfoView.swift */; };
		548258372B95A7F2006BDC12 /* GFItemInfoVC.swift in Sources */ = {isa = PBXBuildFile; fileRef = 548258362B95A7F2006BDC12 /* GFItemInfoVC.swift */; };
		548258392B95AD7C006BDC12 /* GFRepoItemVC.swift in Sources */ = {isa = PBXBuildFile; fileRef = 548258382B95AD7C006BDC12 /* GFRepoItemVC.swift */; };
		5482583B2B95AF70006BDC12 /* GFFollowerItemVC.swift in Sources */ = {isa = PBXBuildFile; fileRef = 5482583A2B95AF70006BDC12 /* GFFollowerItemVC.swift */; };
		5482583E2B95CF92006BDC12 /* String+Ext.swift in Sources */ = {isa = PBXBuildFile; fileRef = 5482583D2B95CF92006BDC12 /* String+Ext.swift */; };
		548258402B95D0F7006BDC12 /* Date+Ext.swift in Sources */ = {isa = PBXBuildFile; fileRef = 5482583F2B95D0F7006BDC12 /* Date+Ext.swift */; };
		549089262B8C231A004F5BF6 /* AppDelegate.swift in Sources */ = {isa = PBXBuildFile; fileRef = 549089252B8C231A004F5BF6 /* AppDelegate.swift */; };
		549089282B8C231A004F5BF6 /* SceneDelegate.swift in Sources */ = {isa = PBXBuildFile; fileRef = 549089272B8C231A004F5BF6 /* SceneDelegate.swift */; };
		5490892A2B8C231A004F5BF6 /* ViewController.swift in Sources */ = {isa = PBXBuildFile; fileRef = 549089292B8C231A004F5BF6 /* ViewController.swift */; };
		5490892F2B8C231D004F5BF6 /* Assets.xcassets in Resources */ = {isa = PBXBuildFile; fileRef = 5490892E2B8C231D004F5BF6 /* Assets.xcassets */; };
		549089322B8C231D004F5BF6 /* LaunchScreen.storyboard in Resources */ = {isa = PBXBuildFile; fileRef = 549089302B8C231D004F5BF6 /* LaunchScreen.storyboard */; };
/* End PBXBuildFile section */

/* Begin PBXFileReference section */
		548257F92B8C2A69006BDC12 /* SearchVC.swift */ = {isa = PBXFileReference; lastKnownFileType = sourcecode.swift; path = SearchVC.swift; sourceTree = "<group>"; };
		548257FB2B8C2AC3006BDC12 /* FavoritesListVC.swift */ = {isa = PBXFileReference; lastKnownFileType = sourcecode.swift; path = FavoritesListVC.swift; sourceTree = "<group>"; };
		548257FD2B8C3C03006BDC12 /* GFButton.swift */ = {isa = PBXFileReference; lastKnownFileType = sourcecode.swift; path = GFButton.swift; sourceTree = "<group>"; };
		548257FF2B8C41B4006BDC12 /* GFTextField.swift */ = {isa = PBXFileReference; lastKnownFileType = sourcecode.swift; path = GFTextField.swift; sourceTree = "<group>"; };
		548258012B8C732A006BDC12 /* FollowerListVC.swift */ = {isa = PBXFileReference; lastKnownFileType = sourcecode.swift; path = FollowerListVC.swift; sourceTree = "<group>"; };
		548258032B8C7E94006BDC12 /* GFTitleLabel.swift */ = {isa = PBXFileReference; lastKnownFileType = sourcecode.swift; path = GFTitleLabel.swift; sourceTree = "<group>"; };
		548258052B8C84EB006BDC12 /* GFBodyLabel.swift */ = {isa = PBXFileReference; lastKnownFileType = sourcecode.swift; path = GFBodyLabel.swift; sourceTree = "<group>"; };
		548258072B8C85CE006BDC12 /* GFAlertVC.swift */ = {isa = PBXFileReference; lastKnownFileType = sourcecode.swift; path = GFAlertVC.swift; sourceTree = "<group>"; };
		548258092B8C8DFC006BDC12 /* UIViewController+Ext.swift */ = {isa = PBXFileReference; lastKnownFileType = sourcecode.swift; path = "UIViewController+Ext.swift"; sourceTree = "<group>"; };
		548258102B8D9833006BDC12 /* Follower.swift */ = {isa = PBXFileReference; lastKnownFileType = sourcecode.swift; path = Follower.swift; sourceTree = "<group>"; };
		548258122B8D98F4006BDC12 /* User.swift */ = {isa = PBXFileReference; lastKnownFileType = sourcecode.swift; path = User.swift; sourceTree = "<group>"; };
		548258152B8DB384006BDC12 /* NetworkManager.swift */ = {isa = PBXFileReference; lastKnownFileType = sourcecode.swift; path = NetworkManager.swift; sourceTree = "<group>"; };
		5482581B2B8DD38E006BDC12 /* FollowerCell.swift */ = {isa = PBXFileReference; lastKnownFileType = sourcecode.swift; path = FollowerCell.swift; sourceTree = "<group>"; };
		5482581E2B8DD429006BDC12 /* GFAvatarImageView.swift */ = {isa = PBXFileReference; lastKnownFileType = sourcecode.swift; path = GFAvatarImageView.swift; sourceTree = "<group>"; };
		548258202B9088F7006BDC12 /* UIHelper.swift */ = {isa = PBXFileReference; lastKnownFileType = sourcecode.swift; path = UIHelper.swift; sourceTree = "<group>"; };
		548258282B91A34A006BDC12 /* GFEmptyStateView.swift */ = {isa = PBXFileReference; lastKnownFileType = sourcecode.swift; path = GFEmptyStateView.swift; sourceTree = "<group>"; };
		5482582A2B91BECB006BDC12 /* UserInfoVC.swift */ = {isa = PBXFileReference; lastKnownFileType = sourcecode.swift; path = UserInfoVC.swift; sourceTree = "<group>"; };
		5482582C2B91D24A006BDC12 /* GFError.swift */ = {isa = PBXFileReference; lastKnownFileType = sourcecode.swift; path = GFError.swift; sourceTree = "<group>"; };
		5482582E2B91D569006BDC12 /* GFUserInfoHeaderVC.swift */ = {isa = PBXFileReference; lastKnownFileType = sourcecode.swift; path = GFUserInfoHeaderVC.swift; sourceTree = "<group>"; };
		548258302B91D5BB006BDC12 /* GFSecondaryTitleLabel.swift */ = {isa = PBXFileReference; lastKnownFileType = sourcecode.swift; path = GFSecondaryTitleLabel.swift; sourceTree = "<group>"; };
		548258322B957F78006BDC12 /* Constants.swift */ = {isa = PBXFileReference; lastKnownFileType = sourcecode.swift; path = Constants.swift; sourceTree = "<group>"; };
		548258342B95A2EB006BDC12 /* GFItemInfoView.swift */ = {isa = PBXFileReference; lastKnownFileType = sourcecode.swift; path = GFItemInfoView.swift; sourceTree = "<group>"; };
		548258362B95A7F2006BDC12 /* GFItemInfoVC.swift */ = {isa = PBXFileReference; lastKnownFileType = sourcecode.swift; path = GFItemInfoVC.swift; sourceTree = "<group>"; };
		548258382B95AD7C006BDC12 /* GFRepoItemVC.swift */ = {isa = PBXFileReference; lastKnownFileType = sourcecode.swift; path = GFRepoItemVC.swift; sourceTree = "<group>"; };
		5482583A2B95AF70006BDC12 /* GFFollowerItemVC.swift */ = {isa = PBXFileReference; lastKnownFileType = sourcecode.swift; path = GFFollowerItemVC.swift; sourceTree = "<group>"; };
		5482583D2B95CF92006BDC12 /* String+Ext.swift */ = {isa = PBXFileReference; lastKnownFileType = sourcecode.swift; path = "String+Ext.swift"; sourceTree = "<group>"; };
		5482583F2B95D0F7006BDC12 /* Date+Ext.swift */ = {isa = PBXFileReference; lastKnownFileType = sourcecode.swift; path = "Date+Ext.swift"; sourceTree = "<group>"; };
		549089222B8C231A004F5BF6 /* GHFollowers.app */ = {isa = PBXFileReference; explicitFileType = wrapper.application; includeInIndex = 0; path = GHFollowers.app; sourceTree = BUILT_PRODUCTS_DIR; };
		549089252B8C231A004F5BF6 /* AppDelegate.swift */ = {isa = PBXFileReference; lastKnownFileType = sourcecode.swift; path = AppDelegate.swift; sourceTree = "<group>"; };
		549089272B8C231A004F5BF6 /* SceneDelegate.swift */ = {isa = PBXFileReference; lastKnownFileType = sourcecode.swift; path = SceneDelegate.swift; sourceTree = "<group>"; };
		549089292B8C231A004F5BF6 /* ViewController.swift */ = {isa = PBXFileReference; lastKnownFileType = sourcecode.swift; path = ViewController.swift; sourceTree = "<group>"; };
		5490892E2B8C231D004F5BF6 /* Assets.xcassets */ = {isa = PBXFileReference; lastKnownFileType = folder.assetcatalog; path = Assets.xcassets; sourceTree = "<group>"; };
		549089312B8C231D004F5BF6 /* Base */ = {isa = PBXFileReference; lastKnownFileType = file.storyboard; name = Base; path = Base.lproj/LaunchScreen.storyboard; sourceTree = "<group>"; };
		549089332B8C231D004F5BF6 /* Info.plist */ = {isa = PBXFileReference; lastKnownFileType = text.plist.xml; path = Info.plist; sourceTree = "<group>"; };
/* End PBXFileReference section */

/* Begin PBXFrameworksBuildPhase section */
		5490891F2B8C231A004F5BF6 /* Frameworks */ = {
			isa = PBXFrameworksBuildPhase;
			buildActionMask = 2147483647;
			files = (
			);
			runOnlyForDeploymentPostprocessing = 0;
		};
/* End PBXFrameworksBuildPhase section */

/* Begin PBXGroup section */
		5482580B2B8C9276006BDC12 /* Screens */ = {
			isa = PBXGroup;
			children = (
				548257F92B8C2A69006BDC12 /* SearchVC.swift */,
				548258012B8C732A006BDC12 /* FollowerListVC.swift */,
				548257FB2B8C2AC3006BDC12 /* FavoritesListVC.swift */,
				5482582A2B91BECB006BDC12 /* UserInfoVC.swift */,
			);
			path = Screens;
			sourceTree = "<group>";
		};
		5482580C2B8C92CB006BDC12 /* Custom View */ = {
			isa = PBXGroup;
			children = (
				548258272B91A2E5006BDC12 /* Labels */,
				548258262B91A2C2006BDC12 /* ViewController */,
				548258252B91A2B4006BDC12 /* ImageViews */,
				548258242B91A29F006BDC12 /* TextFields */,
				548258232B91A293006BDC12 /* Buttons */,
				548258222B91A28D006BDC12 /* Views */,
				5482581A2B8DD35C006BDC12 /* Cells */,
			);
			path = "Custom View";
			sourceTree = "<group>";
		};
		5482580D2B8C9316006BDC12 /* Extensions */ = {
			isa = PBXGroup;
			children = (
				548258092B8C8DFC006BDC12 /* UIViewController+Ext.swift */,
				5482583D2B95CF92006BDC12 /* String+Ext.swift */,
				5482583F2B95D0F7006BDC12 /* Date+Ext.swift */,
			);
			path = Extensions;
			sourceTree = "<group>";
		};
		5482580E2B8C9366006BDC12 /* Support */ = {
			isa = PBXGroup;
			children = (
				549089252B8C231A004F5BF6 /* AppDelegate.swift */,
				549089272B8C231A004F5BF6 /* SceneDelegate.swift */,
				549089292B8C231A004F5BF6 /* ViewController.swift */,
				5490892E2B8C231D004F5BF6 /* Assets.xcassets */,
				549089302B8C231D004F5BF6 /* LaunchScreen.storyboard */,
			);
			path = Support;
			sourceTree = "<group>";
		};
		5482580F2B8D9816006BDC12 /* Model */ = {
			isa = PBXGroup;
			children = (
				548258102B8D9833006BDC12 /* Follower.swift */,
				548258122B8D98F4006BDC12 /* User.swift */,
			);
			path = Model;
			sourceTree = "<group>";
		};
		548258142B8DB367006BDC12 /* Managers */ = {
			isa = PBXGroup;
			children = (
				548258152B8DB384006BDC12 /* NetworkManager.swift */,
			);
			path = Managers;
			sourceTree = "<group>";
		};
		548258172B8DCC56006BDC12 /* Utilities */ = {
			isa = PBXGroup;
			children = (
				548258202B9088F7006BDC12 /* UIHelper.swift */,
				5482582C2B91D24A006BDC12 /* GFError.swift */,
				548258322B957F78006BDC12 /* Constants.swift */,
			);
			path = Utilities;
			sourceTree = "<group>";
		};
		5482581A2B8DD35C006BDC12 /* Cells */ = {
			isa = PBXGroup;
			children = (
				5482581B2B8DD38E006BDC12 /* FollowerCell.swift */,
			);
			path = Cells;
			sourceTree = "<group>";
		};
		548258222B91A28D006BDC12 /* Views */ = {
			isa = PBXGroup;
			children = (
				548258282B91A34A006BDC12 /* GFEmptyStateView.swift */,
				548258342B95A2EB006BDC12 /* GFItemInfoView.swift */,
			);
			path = Views;
			sourceTree = "<group>";
		};
		548258232B91A293006BDC12 /* Buttons */ = {
			isa = PBXGroup;
			children = (
				548257FD2B8C3C03006BDC12 /* GFButton.swift */,
			);
			path = Buttons;
			sourceTree = "<group>";
		};
		548258242B91A29F006BDC12 /* TextFields */ = {
			isa = PBXGroup;
			children = (
				548257FF2B8C41B4006BDC12 /* GFTextField.swift */,
			);
			path = TextFields;
			sourceTree = "<group>";
		};
		548258252B91A2B4006BDC12 /* ImageViews */ = {
			isa = PBXGroup;
			children = (
				5482581E2B8DD429006BDC12 /* GFAvatarImageView.swift */,
			);
			path = ImageViews;
			sourceTree = "<group>";
		};
		548258262B91A2C2006BDC12 /* ViewController */ = {
			isa = PBXGroup;
			children = (
				5482583C2B95AFCD006BDC12 /* ItemInfoVCs */,
				548258072B8C85CE006BDC12 /* GFAlertVC.swift */,
				5482582E2B91D569006BDC12 /* GFUserInfoHeaderVC.swift */,
			);
			path = ViewController;
			sourceTree = "<group>";
		};
		548258272B91A2E5006BDC12 /* Labels */ = {
			isa = PBXGroup;
			children = (
				548258032B8C7E94006BDC12 /* GFTitleLabel.swift */,
				548258052B8C84EB006BDC12 /* GFBodyLabel.swift */,
				548258302B91D5BB006BDC12 /* GFSecondaryTitleLabel.swift */,
			);
			path = Labels;
			sourceTree = "<group>";
		};
		5482583C2B95AFCD006BDC12 /* ItemInfoVCs */ = {
			isa = PBXGroup;
			children = (
				548258362B95A7F2006BDC12 /* GFItemInfoVC.swift */,
				548258382B95AD7C006BDC12 /* GFRepoItemVC.swift */,
				5482583A2B95AF70006BDC12 /* GFFollowerItemVC.swift */,
			);
			path = ItemInfoVCs;
			sourceTree = "<group>";
		};
		549089192B8C231A004F5BF6 = {
			isa = PBXGroup;
			children = (
				549089242B8C231A004F5BF6 /* GHFollowers */,
				549089232B8C231A004F5BF6 /* Products */,
			);
			sourceTree = "<group>";
		};
		549089232B8C231A004F5BF6 /* Products */ = {
			isa = PBXGroup;
			children = (
				549089222B8C231A004F5BF6 /* GHFollowers.app */,
			);
			name = Products;
			sourceTree = "<group>";
		};
		549089242B8C231A004F5BF6 /* GHFollowers */ = {
			isa = PBXGroup;
			children = (
				548258172B8DCC56006BDC12 /* Utilities */,
				549089332B8C231D004F5BF6 /* Info.plist */,
				548258142B8DB367006BDC12 /* Managers */,
				5482580F2B8D9816006BDC12 /* Model */,
				5482580B2B8C9276006BDC12 /* Screens */,
				5482580D2B8C9316006BDC12 /* Extensions */,
				5482580C2B8C92CB006BDC12 /* Custom View */,
				5482580E2B8C9366006BDC12 /* Support */,
			);
			path = GHFollowers;
			sourceTree = "<group>";
		};
/* End PBXGroup section */

/* Begin PBXNativeTarget section */
		549089212B8C231A004F5BF6 /* GHFollowers */ = {
			isa = PBXNativeTarget;
			buildConfigurationList = 549089362B8C231D004F5BF6 /* Build configuration list for PBXNativeTarget "GHFollowers" */;
			buildPhases = (
				5490891E2B8C231A004F5BF6 /* Sources */,
				5490891F2B8C231A004F5BF6 /* Frameworks */,
				549089202B8C231A004F5BF6 /* Resources */,
			);
			buildRules = (
			);
			dependencies = (
			);
			name = GHFollowers;
			productName = GHFollowers;
			productReference = 549089222B8C231A004F5BF6 /* GHFollowers.app */;
			productType = "com.apple.product-type.application";
		};
/* End PBXNativeTarget section */

/* Begin PBXProject section */
		5490891A2B8C231A004F5BF6 /* Project object */ = {
			isa = PBXProject;
			attributes = {
				BuildIndependentTargetsInParallel = 1;
				LastSwiftUpdateCheck = 1420;
				LastUpgradeCheck = 1420;
				TargetAttributes = {
					549089212B8C231A004F5BF6 = {
						CreatedOnToolsVersion = 14.2;
					};
				};
			};
			buildConfigurationList = 5490891D2B8C231A004F5BF6 /* Build configuration list for PBXProject "GHFollowers" */;
			compatibilityVersion = "Xcode 14.0";
			developmentRegion = en;
			hasScannedForEncodings = 0;
			knownRegions = (
				en,
				Base,
			);
			mainGroup = 549089192B8C231A004F5BF6;
			productRefGroup = 549089232B8C231A004F5BF6 /* Products */;
			projectDirPath = "";
			projectRoot = "";
			targets = (
				549089212B8C231A004F5BF6 /* GHFollowers */,
			);
		};
/* End PBXProject section */

/* Begin PBXResourcesBuildPhase section */
		549089202B8C231A004F5BF6 /* Resources */ = {
			isa = PBXResourcesBuildPhase;
			buildActionMask = 2147483647;
			files = (
				549089322B8C231D004F5BF6 /* LaunchScreen.storyboard in Resources */,
				5490892F2B8C231D004F5BF6 /* Assets.xcassets in Resources */,
			);
			runOnlyForDeploymentPostprocessing = 0;
		};
/* End PBXResourcesBuildPhase section */

/* Begin PBXSourcesBuildPhase section */
		5490891E2B8C231A004F5BF6 /* Sources */ = {
			isa = PBXSourcesBuildPhase;
			buildActionMask = 2147483647;
			files = (
				548257FA2B8C2A6A006BDC12 /* SearchVC.swift in Sources */,
				5490892A2B8C231A004F5BF6 /* ViewController.swift in Sources */,
				5482580A2B8C8DFC006BDC12 /* UIViewController+Ext.swift in Sources */,
				5482582F2B91D569006BDC12 /* GFUserInfoHeaderVC.swift in Sources */,
				548257FE2B8C3C03006BDC12 /* GFButton.swift in Sources */,
				548257FC2B8C2AC3006BDC12 /* FavoritesListVC.swift in Sources */,
				548258292B91A34A006BDC12 /* GFEmptyStateView.swift in Sources */,
				548258312B91D5BB006BDC12 /* GFSecondaryTitleLabel.swift in Sources */,
				548258022B8C732A006BDC12 /* FollowerListVC.swift in Sources */,
				548258402B95D0F7006BDC12 /* Date+Ext.swift in Sources */,
				548258132B8D98F4006BDC12 /* User.swift in Sources */,
				5482582D2B91D24A006BDC12 /* GFError.swift in Sources */,
				5482581C2B8DD38E006BDC12 /* FollowerCell.swift in Sources */,
				548258392B95AD7C006BDC12 /* GFRepoItemVC.swift in Sources */,
				5482581F2B8DD429006BDC12 /* GFAvatarImageView.swift in Sources */,
				548258082B8C85CE006BDC12 /* GFAlertVC.swift in Sources */,
				5482582B2B91BECB006BDC12 /* UserInfoVC.swift in Sources */,
				548258112B8D9833006BDC12 /* Follower.swift in Sources */,
				549089262B8C231A004F5BF6 /* AppDelegate.swift in Sources */,
				548258042B8C7E94006BDC12 /* GFTitleLabel.swift in Sources */,
				548258372B95A7F2006BDC12 /* GFItemInfoVC.swift in Sources */,
				5482583B2B95AF70006BDC12 /* GFFollowerItemVC.swift in Sources */,
				548258002B8C41B4006BDC12 /* GFTextField.swift in Sources */,
				548258212B9088F7006BDC12 /* UIHelper.swift in Sources */,
				5482583E2B95CF92006BDC12 /* String+Ext.swift in Sources */,
				548258162B8DB384006BDC12 /* NetworkManager.swift in Sources */,
				549089282B8C231A004F5BF6 /* SceneDelegate.swift in Sources */,
				548258352B95A2EB006BDC12 /* GFItemInfoView.swift in Sources */,
				548258062B8C84EB006BDC12 /* GFBodyLabel.swift in Sources */,
				548258332B957F78006BDC12 /* Constants.swift in Sources */,
			);
			runOnlyForDeploymentPostprocessing = 0;
		};
/* End PBXSourcesBuildPhase section */

/* Begin PBXVariantGroup section */
		549089302B8C231D004F5BF6 /* LaunchScreen.storyboard */ = {
			isa = PBXVariantGroup;
			children = (
				549089312B8C231D004F5BF6 /* Base */,
			);
			name = LaunchScreen.storyboard;
			sourceTree = "<group>";
		};
/* End PBXVariantGroup section */

/* Begin XCBuildConfiguration section */
		549089342B8C231D004F5BF6 /* Debug */ = {
			isa = XCBuildConfiguration;
			buildSettings = {
				ALWAYS_SEARCH_USER_PATHS = NO;
				CLANG_ANALYZER_NONNULL = YES;
				CLANG_ANALYZER_NUMBER_OBJECT_CONVERSION = YES_AGGRESSIVE;
				CLANG_CXX_LANGUAGE_STANDARD = "gnu++20";
				CLANG_ENABLE_MODULES = YES;
				CLANG_ENABLE_OBJC_ARC = YES;
				CLANG_ENABLE_OBJC_WEAK = YES;
				CLANG_WARN_BLOCK_CAPTURE_AUTORELEASING = YES;
				CLANG_WARN_BOOL_CONVERSION = YES;
				CLANG_WARN_COMMA = YES;
				CLANG_WARN_CONSTANT_CONVERSION = YES;
				CLANG_WARN_DEPRECATED_OBJC_IMPLEMENTATIONS = YES;
				CLANG_WARN_DIRECT_OBJC_ISA_USAGE = YES_ERROR;
				CLANG_WARN_DOCUMENTATION_COMMENTS = YES;
				CLANG_WARN_EMPTY_BODY = YES;
				CLANG_WARN_ENUM_CONVERSION = YES;
				CLANG_WARN_INFINITE_RECURSION = YES;
				CLANG_WARN_INT_CONVERSION = YES;
				CLANG_WARN_NON_LITERAL_NULL_CONVERSION = YES;
				CLANG_WARN_OBJC_IMPLICIT_RETAIN_SELF = YES;
				CLANG_WARN_OBJC_LITERAL_CONVERSION = YES;
				CLANG_WARN_OBJC_ROOT_CLASS = YES_ERROR;
				CLANG_WARN_QUOTED_INCLUDE_IN_FRAMEWORK_HEADER = YES;
				CLANG_WARN_RANGE_LOOP_ANALYSIS = YES;
				CLANG_WARN_STRICT_PROTOTYPES = YES;
				CLANG_WARN_SUSPICIOUS_MOVE = YES;
				CLANG_WARN_UNGUARDED_AVAILABILITY = YES_AGGRESSIVE;
				CLANG_WARN_UNREACHABLE_CODE = YES;
				CLANG_WARN__DUPLICATE_METHOD_MATCH = YES;
				COPY_PHASE_STRIP = NO;
				DEBUG_INFORMATION_FORMAT = dwarf;
				ENABLE_STRICT_OBJC_MSGSEND = YES;
				ENABLE_TESTABILITY = YES;
				GCC_C_LANGUAGE_STANDARD = gnu11;
				GCC_DYNAMIC_NO_PIC = NO;
				GCC_NO_COMMON_BLOCKS = YES;
				GCC_OPTIMIZATION_LEVEL = 0;
				GCC_PREPROCESSOR_DEFINITIONS = (
					"DEBUG=1",
					"$(inherited)",
				);
				GCC_WARN_64_TO_32_BIT_CONVERSION = YES;
				GCC_WARN_ABOUT_RETURN_TYPE = YES_ERROR;
				GCC_WARN_UNDECLARED_SELECTOR = YES;
				GCC_WARN_UNINITIALIZED_AUTOS = YES_AGGRESSIVE;
				GCC_WARN_UNUSED_FUNCTION = YES;
				GCC_WARN_UNUSED_VARIABLE = YES;
				IPHONEOS_DEPLOYMENT_TARGET = 15.0;
				MTL_ENABLE_DEBUG_INFO = INCLUDE_SOURCE;
				MTL_FAST_MATH = YES;
				ONLY_ACTIVE_ARCH = YES;
				SDKROOT = iphoneos;
				SWIFT_ACTIVE_COMPILATION_CONDITIONS = DEBUG;
				SWIFT_OPTIMIZATION_LEVEL = "-Onone";
			};
			name = Debug;
		};
		549089352B8C231D004F5BF6 /* Release */ = {
			isa = XCBuildConfiguration;
			buildSettings = {
				ALWAYS_SEARCH_USER_PATHS = NO;
				CLANG_ANALYZER_NONNULL = YES;
				CLANG_ANALYZER_NUMBER_OBJECT_CONVERSION = YES_AGGRESSIVE;
				CLANG_CXX_LANGUAGE_STANDARD = "gnu++20";
				CLANG_ENABLE_MODULES = YES;
				CLANG_ENABLE_OBJC_ARC = YES;
				CLANG_ENABLE_OBJC_WEAK = YES;
				CLANG_WARN_BLOCK_CAPTURE_AUTORELEASING = YES;
				CLANG_WARN_BOOL_CONVERSION = YES;
				CLANG_WARN_COMMA = YES;
				CLANG_WARN_CONSTANT_CONVERSION = YES;
				CLANG_WARN_DEPRECATED_OBJC_IMPLEMENTATIONS = YES;
				CLANG_WARN_DIRECT_OBJC_ISA_USAGE = YES_ERROR;
				CLANG_WARN_DOCUMENTATION_COMMENTS = YES;
				CLANG_WARN_EMPTY_BODY = YES;
				CLANG_WARN_ENUM_CONVERSION = YES;
				CLANG_WARN_INFINITE_RECURSION = YES;
				CLANG_WARN_INT_CONVERSION = YES;
				CLANG_WARN_NON_LITERAL_NULL_CONVERSION = YES;
				CLANG_WARN_OBJC_IMPLICIT_RETAIN_SELF = YES;
				CLANG_WARN_OBJC_LITERAL_CONVERSION = YES;
				CLANG_WARN_OBJC_ROOT_CLASS = YES_ERROR;
				CLANG_WARN_QUOTED_INCLUDE_IN_FRAMEWORK_HEADER = YES;
				CLANG_WARN_RANGE_LOOP_ANALYSIS = YES;
				CLANG_WARN_STRICT_PROTOTYPES = YES;
				CLANG_WARN_SUSPICIOUS_MOVE = YES;
				CLANG_WARN_UNGUARDED_AVAILABILITY = YES_AGGRESSIVE;
				CLANG_WARN_UNREACHABLE_CODE = YES;
				CLANG_WARN__DUPLICATE_METHOD_MATCH = YES;
				COPY_PHASE_STRIP = NO;
				DEBUG_INFORMATION_FORMAT = "dwarf-with-dsym";
				ENABLE_NS_ASSERTIONS = NO;
				ENABLE_STRICT_OBJC_MSGSEND = YES;
				GCC_C_LANGUAGE_STANDARD = gnu11;
				GCC_NO_COMMON_BLOCKS = YES;
				GCC_WARN_64_TO_32_BIT_CONVERSION = YES;
				GCC_WARN_ABOUT_RETURN_TYPE = YES_ERROR;
				GCC_WARN_UNDECLARED_SELECTOR = YES;
				GCC_WARN_UNINITIALIZED_AUTOS = YES_AGGRESSIVE;
				GCC_WARN_UNUSED_FUNCTION = YES;
				GCC_WARN_UNUSED_VARIABLE = YES;
				IPHONEOS_DEPLOYMENT_TARGET = 15.0;
				MTL_ENABLE_DEBUG_INFO = NO;
				MTL_FAST_MATH = YES;
				SDKROOT = iphoneos;
				SWIFT_COMPILATION_MODE = wholemodule;
				SWIFT_OPTIMIZATION_LEVEL = "-O";
				VALIDATE_PRODUCT = YES;
			};
			name = Release;
		};
		549089372B8C231D004F5BF6 /* Debug */ = {
			isa = XCBuildConfiguration;
			buildSettings = {
				ASSETCATALOG_COMPILER_APPICON_NAME = AppIcon;
				ASSETCATALOG_COMPILER_GLOBAL_ACCENT_COLOR_NAME = AccentColor;
				CODE_SIGN_STYLE = Automatic;
				CURRENT_PROJECT_VERSION = 1;
				DEVELOPMENT_TEAM = L4CDH35M36;
				GENERATE_INFOPLIST_FILE = YES;
				INFOPLIST_FILE = GHFollowers/Info.plist;
				INFOPLIST_KEY_UIApplicationSupportsIndirectInputEvents = YES;
				INFOPLIST_KEY_UILaunchStoryboardName = LaunchScreen;
				INFOPLIST_KEY_UIMainStoryboardFile = "";
				INFOPLIST_KEY_UISupportedInterfaceOrientations = UIInterfaceOrientationPortrait;
				INFOPLIST_KEY_UISupportedInterfaceOrientations_iPad = "UIInterfaceOrientationLandscapeLeft UIInterfaceOrientationLandscapeRight UIInterfaceOrientationPortrait UIInterfaceOrientationPortraitUpsideDown";
				LD_RUNPATH_SEARCH_PATHS = (
					"$(inherited)",
					"@executable_path/Frameworks",
				);
				MARKETING_VERSION = 1.0;
				PRODUCT_BUNDLE_IDENTIFIER = co.markchen.GHFollowers;
				PRODUCT_NAME = "$(TARGET_NAME)";
				SUPPORTED_PLATFORMS = "iphoneos iphonesimulator";
				SUPPORTS_MACCATALYST = NO;
				SUPPORTS_MAC_DESIGNED_FOR_IPHONE_IPAD = NO;
				SWIFT_EMIT_LOC_STRINGS = YES;
				SWIFT_VERSION = 5.0;
				TARGETED_DEVICE_FAMILY = 1;
			};
			name = Debug;
		};
		549089382B8C231D004F5BF6 /* Release */ = {
			isa = XCBuildConfiguration;
			buildSettings = {
				ASSETCATALOG_COMPILER_APPICON_NAME = AppIcon;
				ASSETCATALOG_COMPILER_GLOBAL_ACCENT_COLOR_NAME = AccentColor;
				CODE_SIGN_STYLE = Automatic;
				CURRENT_PROJECT_VERSION = 1;
				DEVELOPMENT_TEAM = L4CDH35M36;
				GENERATE_INFOPLIST_FILE = YES;
				INFOPLIST_FILE = GHFollowers/Info.plist;
				INFOPLIST_KEY_UIApplicationSupportsIndirectInputEvents = YES;
				INFOPLIST_KEY_UILaunchStoryboardName = LaunchScreen;
				INFOPLIST_KEY_UIMainStoryboardFile = "";
				INFOPLIST_KEY_UISupportedInterfaceOrientations = UIInterfaceOrientationPortrait;
				INFOPLIST_KEY_UISupportedInterfaceOrientations_iPad = "UIInterfaceOrientationLandscapeLeft UIInterfaceOrientationLandscapeRight UIInterfaceOrientationPortrait UIInterfaceOrientationPortraitUpsideDown";
				LD_RUNPATH_SEARCH_PATHS = (
					"$(inherited)",
					"@executable_path/Frameworks",
				);
				MARKETING_VERSION = 1.0;
				PRODUCT_BUNDLE_IDENTIFIER = co.markchen.GHFollowers;
				PRODUCT_NAME = "$(TARGET_NAME)";
				SUPPORTED_PLATFORMS = "iphoneos iphonesimulator";
				SUPPORTS_MACCATALYST = NO;
				SUPPORTS_MAC_DESIGNED_FOR_IPHONE_IPAD = NO;
				SWIFT_EMIT_LOC_STRINGS = YES;
				SWIFT_VERSION = 5.0;
				TARGETED_DEVICE_FAMILY = 1;
			};
			name = Release;
		};
/* End XCBuildConfiguration section */

/* Begin XCConfigurationList section */
		5490891D2B8C231A004F5BF6 /* Build configuration list for PBXProject "GHFollowers" */ = {
			isa = XCConfigurationList;
			buildConfigurations = (
				549089342B8C231D004F5BF6 /* Debug */,
				549089352B8C231D004F5BF6 /* Release */,
			);
			defaultConfigurationIsVisible = 0;
			defaultConfigurationName = Release;
		};
		549089362B8C231D004F5BF6 /* Build configuration list for PBXNativeTarget "GHFollowers" */ = {
			isa = XCConfigurationList;
			buildConfigurations = (
				549089372B8C231D004F5BF6 /* Debug */,
				549089382B8C231D004F5BF6 /* Release */,
			);
			defaultConfigurationIsVisible = 0;
			defaultConfigurationName = Release;
		};
/* End XCConfigurationList section */
	};
	rootObject = 5490891A2B8C231A004F5BF6 /* Project object */;
}
